// !$*UTF8*$!
{
	archiveVersion = 1;
	classes = {
	};
	objectVersion = 77;
	objects = {

/* Begin PBXContainerItemProxy section */
		64C7E9172CB0B30900297274 /* PBXContainerItemProxy */ = {
			isa = PBXContainerItemProxy;
			containerPortal = 64C7E8F82CB0B30700297274 /* Project object */;
			proxyType = 1;
			remoteGlobalIDString = 64C7E8FF2CB0B30700297274;
			remoteInfo = 4Oct;
		};
		64C7E9212CB0B30900297274 /* PBXContainerItemProxy */ = {
			isa = PBXContainerItemProxy;
			containerPortal = 64C7E8F82CB0B30700297274 /* Project object */;
			proxyType = 1;
			remoteGlobalIDString = 64C7E8FF2CB0B30700297274;
			remoteInfo = 4Oct;
		};
/* End PBXContainerItemProxy section */

/* Begin PBXFileReference section */
		64C7E9002CB0B30700297274 /* 4Oct.app */ = {isa = PBXFileReference; explicitFileType = wrapper.application; includeInIndex = 0; path = 4Oct.app; sourceTree = BUILT_PRODUCTS_DIR; };
		64C7E9162CB0B30900297274 /* 4OctTests.xctest */ = {isa = PBXFileReference; explicitFileType = wrapper.cfbundle; includeInIndex = 0; path = 4OctTests.xctest; sourceTree = BUILT_PRODUCTS_DIR; };
		64C7E9202CB0B30900297274 /* 4OctUITests.xctest */ = {isa = PBXFileReference; explicitFileType = wrapper.cfbundle; includeInIndex = 0; path = 4OctUITests.xctest; sourceTree = BUILT_PRODUCTS_DIR; };
/* End PBXFileReference section */

/* Begin PBXFileSystemSynchronizedBuildFileExceptionSet section */
		64C7E9282CB0B30900297274 /* Exceptions for "4Oct" folder in "4Oct" target */ = {
			isa = PBXFileSystemSynchronizedBuildFileExceptionSet;
			membershipExceptions = (
				Info.plist,
			);
			target = 64C7E8FF2CB0B30700297274 /* 4Oct */;
		};
/* End PBXFileSystemSynchronizedBuildFileExceptionSet section */

/* Begin PBXFileSystemSynchronizedRootGroup section */
		64C7E9022CB0B30700297274 /* 4Oct */ = {
			isa = PBXFileSystemSynchronizedRootGroup;
			exceptions = (
				64C7E9282CB0B30900297274 /* Exceptions for "4Oct" folder in "4Oct" target */,
			);
			path = 4Oct;
			sourceTree = "<group>";
		};
		64C7E9192CB0B30900297274 /* 4OctTests */ = {
			isa = PBXFileSystemSynchronizedRootGroup;
			path = 4OctTests;
			sourceTree = "<group>";
		};
		64C7E9232CB0B30900297274 /* 4OctUITests */ = {
			isa = PBXFileSystemSynchronizedRootGroup;
			path = 4OctUITests;
			sourceTree = "<group>";
		};
/* End PBXFileSystemSynchronizedRootGroup section */

/* Begin PBXFrameworksBuildPhase section */
		64C7E8FD2CB0B30700297274 /* Frameworks */ = {
			isa = PBXFrameworksBuildPhase;
			buildActionMask = 2147483647;
			files = (
			);
			runOnlyForDeploymentPostprocessing = 0;
		};
		64C7E9132CB0B30900297274 /* Frameworks */ = {
			isa = PBXFrameworksBuildPhase;
			buildActionMask = 2147483647;
			files = (
			);
			runOnlyForDeploymentPostprocessing = 0;
		};
		64C7E91D2CB0B30900297274 /* Frameworks */ = {
			isa = PBXFrameworksBuildPhase;
			buildActionMask = 2147483647;
			files = (
			);
			runOnlyForDeploymentPostprocessing = 0;
		};
/* End PBXFrameworksBuildPhase section */

/* Begin PBXGroup section */
		64C7E8F72CB0B30700297274 = {
			isa = PBXGroup;
			children = (
				64C7E9022CB0B30700297274 /* 4Oct */,
				64C7E9192CB0B30900297274 /* 4OctTests */,
				64C7E9232CB0B30900297274 /* 4OctUITests */,
				64C7E9012CB0B30700297274 /* Products */,
			);
			sourceTree = "<group>";
		};
		64C7E9012CB0B30700297274 /* Products */ = {
			isa = PBXGroup;
			children = (
				64C7E9002CB0B30700297274 /* 4Oct.app */,
				64C7E9162CB0B30900297274 /* 4OctTests.xctest */,
				64C7E9202CB0B30900297274 /* 4OctUITests.xctest */,
			);
			name = Products;
			sourceTree = "<group>";
		};
/* End PBXGroup section */

/* Begin PBXNativeTarget section */
		64C7E8FF2CB0B30700297274 /* 4Oct */ = {
			isa = PBXNativeTarget;
			buildConfigurationList = 64C7E9292CB0B30900297274 /* Build configuration list for PBXNativeTarget "4Oct" */;
			buildPhases = (
				64C7E8FC2CB0B30700297274 /* Sources */,
				64C7E8FD2CB0B30700297274 /* Frameworks */,
				64C7E8FE2CB0B30700297274 /* Resources */,
			);
			buildRules = (
			);
			dependencies = (
			);
			fileSystemSynchronizedGroups = (
				64C7E9022CB0B30700297274 /* 4Oct */,
			);
			name = 4Oct;
			packageProductDependencies = (
			);
			productName = 4Oct;
			productReference = 64C7E9002CB0B30700297274 /* 4Oct.app */;
			productType = "com.apple.product-type.application";
		};
		64C7E9152CB0B30900297274 /* 4OctTests */ = {
			isa = PBXNativeTarget;
			buildConfigurationList = 64C7E92E2CB0B30900297274 /* Build configuration list for PBXNativeTarget "4OctTests" */;
			buildPhases = (
				64C7E9122CB0B30900297274 /* Sources */,
				64C7E9132CB0B30900297274 /* Frameworks */,
				64C7E9142CB0B30900297274 /* Resources */,
			);
			buildRules = (
			);
			dependencies = (
				64C7E9182CB0B30900297274 /* PBXTargetDependency */,
			);
			fileSystemSynchronizedGroups = (
				64C7E9192CB0B30900297274 /* 4OctTests */,
			);
			name = 4OctTests;
			packageProductDependencies = (
			);
			productName = 4OctTests;
			productReference = 64C7E9162CB0B30900297274 /* 4OctTests.xctest */;
			productType = "com.apple.product-type.bundle.unit-test";
		};
		64C7E91F2CB0B30900297274 /* 4OctUITests */ = {
			isa = PBXNativeTarget;
			buildConfigurationList = 64C7E9312CB0B30900297274 /* Build configuration list for PBXNativeTarget "4OctUITests" */;
			buildPhases = (
				64C7E91C2CB0B30900297274 /* Sources */,
				64C7E91D2CB0B30900297274 /* Frameworks */,
				64C7E91E2CB0B30900297274 /* Resources */,
			);
			buildRules = (
			);
			dependencies = (
				64C7E9222CB0B30900297274 /* PBXTargetDependency */,
			);
			fileSystemSynchronizedGroups = (
				64C7E9232CB0B30900297274 /* 4OctUITests */,
			);
			name = 4OctUITests;
			packageProductDependencies = (
			);
			productName = 4OctUITests;
			productReference = 64C7E9202CB0B30900297274 /* 4OctUITests.xctest */;
			productType = "com.apple.product-type.bundle.ui-testing";
		};
/* End PBXNativeTarget section */

/* Begin PBXProject section */
		64C7E8F82CB0B30700297274 /* Project object */ = {
			isa = PBXProject;
			attributes = {
				BuildIndependentTargetsInParallel = 1;
				LastSwiftUpdateCheck = 1600;
				LastUpgradeCheck = 1600;
				TargetAttributes = {
					64C7E8FF2CB0B30700297274 = {
						CreatedOnToolsVersion = 16.0;
					};
					64C7E9152CB0B30900297274 = {
						CreatedOnToolsVersion = 16.0;
						TestTargetID = 64C7E8FF2CB0B30700297274;
					};
					64C7E91F2CB0B30900297274 = {
						CreatedOnToolsVersion = 16.0;
						TestTargetID = 64C7E8FF2CB0B30700297274;
					};
				};
			};
			buildConfigurationList = 64C7E8FB2CB0B30700297274 /* Build configuration list for PBXProject "4Oct" */;
			developmentRegion = en;
			hasScannedForEncodings = 0;
			knownRegions = (
				en,
				Base,
			);
			mainGroup = 64C7E8F72CB0B30700297274;
			minimizedProjectReferenceProxies = 1;
			preferredProjectObjectVersion = 77;
			productRefGroup = 64C7E9012CB0B30700297274 /* Products */;
			projectDirPath = "";
			projectRoot = "";
			targets = (
				64C7E8FF2CB0B30700297274 /* 4Oct */,
				64C7E9152CB0B30900297274 /* 4OctTests */,
				64C7E91F2CB0B30900297274 /* 4OctUITests */,
			);
		};
/* End PBXProject section */

/* Begin PBXResourcesBuildPhase section */
		64C7E8FE2CB0B30700297274 /* Resources */ = {
			isa = PBXResourcesBuildPhase;
			buildActionMask = 2147483647;
			files = (
			);
			runOnlyForDeploymentPostprocessing = 0;
		};
		64C7E9142CB0B30900297274 /* Resources */ = {
			isa = PBXResourcesBuildPhase;
			buildActionMask = 2147483647;
			files = (
			);
			runOnlyForDeploymentPostprocessing = 0;
		};
		64C7E91E2CB0B30900297274 /* Resources */ = {
			isa = PBXResourcesBuildPhase;
			buildActionMask = 2147483647;
			files = (
			);
			runOnlyForDeploymentPostprocessing = 0;
		};
/* End PBXResourcesBuildPhase section */

/* Begin PBXSourcesBuildPhase section */
		64C7E8FC2CB0B30700297274 /* Sources */ = {
			isa = PBXSourcesBuildPhase;
			buildActionMask = 2147483647;
			files = (
			);
			runOnlyForDeploymentPostprocessing = 0;
		};
		64C7E9122CB0B30900297274 /* Sources */ = {
			isa = PBXSourcesBuildPhase;
			buildActionMask = 2147483647;
			files = (
			);
			runOnlyForDeploymentPostprocessing = 0;
		};
		64C7E91C2CB0B30900297274 /* Sources */ = {
			isa = PBXSourcesBuildPhase;
			buildActionMask = 2147483647;
			files = (
			);
			runOnlyForDeploymentPostprocessing = 0;
		};
/* End PBXSourcesBuildPhase section */

/* Begin PBXTargetDependency section */
		64C7E9182CB0B30900297274 /* PBXTargetDependency */ = {
			isa = PBXTargetDependency;
			target = 64C7E8FF2CB0B30700297274 /* 4Oct */;
			targetProxy = 64C7E9172CB0B30900297274 /* PBXContainerItemProxy */;
		};
		64C7E9222CB0B30900297274 /* PBXTargetDependency */ = {
			isa = PBXTargetDependency;
			target = 64C7E8FF2CB0B30700297274 /* 4Oct */;
			targetProxy = 64C7E9212CB0B30900297274 /* PBXContainerItemProxy */;
		};
/* End PBXTargetDependency section */

/* Begin XCBuildConfiguration section */
		64C7E92A2CB0B30900297274 /* Debug */ = {
			isa = XCBuildConfiguration;
			buildSettings = {
				ASSETCATALOG_COMPILER_APPICON_NAME = AppIcon;
				ASSETCATALOG_COMPILER_GLOBAL_ACCENT_COLOR_NAME = AccentColor;
				CODE_SIGN_STYLE = Automatic;
				CURRENT_PROJECT_VERSION = 1;
				DEVELOPMENT_TEAM = RJR4C9VPXT;
				GENERATE_INFOPLIST_FILE = YES;
				INFOPLIST_FILE = 4Oct/Info.plist;
				INFOPLIST_KEY_UIApplicationSupportsIndirectInputEvents = YES;
				INFOPLIST_KEY_UILaunchStoryboardName = LaunchScreen;
				INFOPLIST_KEY_UIMainStoryboardFile = Main;
				INFOPLIST_KEY_UISupportedInterfaceOrientations_iPad = "UIInterfaceOrientationPortrait UIInterfaceOrientationPortraitUpsideDown UIInterfaceOrientationLandscapeLeft UIInterfaceOrientationLandscapeRight";
				INFOPLIST_KEY_UISupportedInterfaceOrientations_iPhone = "UIInterfaceOrientationPortrait UIInterfaceOrientationLandscapeLeft UIInterfaceOrientationLandscapeRight";
				LD_RUNPATH_SEARCH_PATHS = (
					"$(inherited)",
					"@executable_path/Frameworks",
				);
				MARKETING_VERSION = 1.0;
				PRODUCT_BUNDLE_IDENTIFIER = "mx.com.belaw.ddadm12.-Oct";
				PRODUCT_NAME = "$(TARGET_NAME)";
				SUPPORTED_PLATFORMS = "iphoneos iphonesimulator";
				SUPPORTS_MACCATALYST = NO;
				SUPPORTS_MAC_DESIGNED_FOR_IPHONE_IPAD = NO;
				SUPPORTS_XR_DESIGNED_FOR_IPHONE_IPAD = NO;
				SWIFT_EMIT_LOC_STRINGS = YES;
				SWIFT_VERSION = 5.0;
				TARGETED_DEVICE_FAMILY = 1;
			};
			name = Debug;
		};
		64C7E92B2CB0B30900297274 /* Release */ = {
			isa = XCBuildConfiguration;
			buildSettings = {
				ASSETCATALOG_COMPILER_APPICON_NAME = AppIcon;
				ASSETCATALOG_COMPILER_GLOBAL_ACCENT_COLOR_NAME = AccentColor;
				CODE_SIGN_STYLE = Automatic;
				CURRENT_PROJECT_VERSION = 1;
				DEVELOPMENT_TEAM = RJR4C9VPXT;
				GENERATE_INFOPLIST_FILE = YES;
				INFOPLIST_FILE = 4Oct/Info.plist;
				INFOPLIST_KEY_UIApplicationSupportsIndirectInputEvents = YES;
				INFOPLIST_KEY_UILaunchStoryboardName = LaunchScreen;
				INFOPLIST_KEY_UIMainStoryboardFile = Main;
				INFOPLIST_KEY_UISupportedInterfaceOrientations_iPad = "UIInterfaceOrientationPortrait UIInterfaceOrientationPortraitUpsideDown UIInterfaceOrientationLandscapeLeft UIInterfaceOrientationLandscapeRight";
				INFOPLIST_KEY_UISupportedInterfaceOrientations_iPhone = "UIInterfaceOrientationPortrait UIInterfaceOrientationLandscapeLeft UIInterfaceOrientationLandscapeRight";
				LD_RUNPATH_SEARCH_PATHS = (
					"$(inherited)",
					"@executable_path/Frameworks",
				);
				MARKETING_VERSION = 1.0;
				PRODUCT_BUNDLE_IDENTIFIER = "mx.com.belaw.ddadm12.-Oct";
				PRODUCT_NAME = "$(TARGET_NAME)";
				SUPPORTED_PLATFORMS = "iphoneos iphonesimulator";
				SUPPORTS_MACCATALYST = NO;
				SUPPORTS_MAC_DESIGNED_FOR_IPHONE_IPAD = NO;
				SUPPORTS_XR_DESIGNED_FOR_IPHONE_IPAD = NO;
				SWIFT_EMIT_LOC_STRINGS = YES;
				SWIFT_VERSION = 5.0;
				TARGETED_DEVICE_FAMILY = 1;
			};
			name = Release;
		};
		64C7E92C2CB0B30900297274 /* Debug */ = {
			isa = XCBuildConfiguration;
			buildSettings = {
				ALWAYS_SEARCH_USER_PATHS = NO;
				ASSETCATALOG_COMPILER_GENERATE_SWIFT_ASSET_SYMBOL_EXTENSIONS = YES;
				CLANG_ANALYZER_NONNULL = YES;
				CLANG_ANALYZER_NUMBER_OBJECT_CONVERSION = YES_AGGRESSIVE;
				CLANG_CXX_LANGUAGE_STANDARD = "gnu++20";
				CLANG_ENABLE_MODULES = YES;
				CLANG_ENABLE_OBJC_ARC = YES;
				CLANG_ENABLE_OBJC_WEAK = YES;
				CLANG_WARN_BLOCK_CAPTURE_AUTORELEASING = YES;
				CLANG_WARN_BOOL_CONVERSION = YES;
				CLANG_WARN_COMMA = YES;
				CLANG_WARN_CONSTANT_CONVERSION = YES;
				CLANG_WARN_DEPRECATED_OBJC_IMPLEMENTATIONS = YES;
				CLANG_WARN_DIRECT_OBJC_ISA_USAGE = YES_ERROR;
				CLANG_WARN_DOCUMENTATION_COMMENTS = YES;
				CLANG_WARN_EMPTY_BODY = YES;
				CLANG_WARN_ENUM_CONVERSION = YES;
				CLANG_WARN_INFINITE_RECURSION = YES;
				CLANG_WARN_INT_CONVERSION = YES;
				CLANG_WARN_NON_LITERAL_NULL_CONVERSION = YES;
				CLANG_WARN_OBJC_IMPLICIT_RETAIN_SELF = YES;
				CLANG_WARN_OBJC_LITERAL_CONVERSION = YES;
				CLANG_WARN_OBJC_ROOT_CLASS = YES_ERROR;
				CLANG_WARN_QUOTED_INCLUDE_IN_FRAMEWORK_HEADER = YES;
				CLANG_WARN_RANGE_LOOP_ANALYSIS = YES;
				CLANG_WARN_STRICT_PROTOTYPES = YES;
				CLANG_WARN_SUSPICIOUS_MOVE = YES;
				CLANG_WARN_UNGUARDED_AVAILABILITY = YES_AGGRESSIVE;
				CLANG_WARN_UNREACHABLE_CODE = YES;
				CLANG_WARN__DUPLICATE_METHOD_MATCH = YES;
				COPY_PHASE_STRIP = NO;
				DEBUG_INFORMATION_FORMAT = dwarf;
				ENABLE_STRICT_OBJC_MSGSEND = YES;
				ENABLE_TESTABILITY = YES;
				ENABLE_USER_SCRIPT_SANDBOXING = YES;
				GCC_C_LANGUAGE_STANDARD = gnu17;
				GCC_DYNAMIC_NO_PIC = NO;
				GCC_NO_COMMON_BLOCKS = YES;
				GCC_OPTIMIZATION_LEVEL = 0;
				GCC_PREPROCESSOR_DEFINITIONS = (
					"DEBUG=1",
					"$(inherited)",
				);
				GCC_WARN_64_TO_32_BIT_CONVERSION = YES;
				GCC_WARN_ABOUT_RETURN_TYPE = YES_ERROR;
				GCC_WARN_UNDECLARED_SELECTOR = YES;
				GCC_WARN_UNINITIALIZED_AUTOS = YES_AGGRESSIVE;
				GCC_WARN_UNUSED_FUNCTION = YES;
				GCC_WARN_UNUSED_VARIABLE = YES;
				IPHONEOS_DEPLOYMENT_TARGET = 18.0;
				LOCALIZATION_PREFERS_STRING_CATALOGS = YES;
				MTL_ENABLE_DEBUG_INFO = INCLUDE_SOURCE;
				MTL_FAST_MATH = YES;
				ONLY_ACTIVE_ARCH = YES;
				SDKROOT = iphoneos;
				SWIFT_ACTIVE_COMPILATION_CONDITIONS = "DEBUG $(inherited)";
				SWIFT_OPTIMIZATION_LEVEL = "-Onone";
			};
			name = Debug;
		};
		64C7E92D2CB0B30900297274 /* Release */ = {
			isa = XCBuildConfiguration;
			buildSettings = {
				ALWAYS_SEARCH_USER_PATHS = NO;
				ASSETCATALOG_COMPILER_GENERATE_SWIFT_ASSET_SYMBOL_EXTENSIONS = YES;
				CLANG_ANALYZER_NONNULL = YES;
				CLANG_ANALYZER_NUMBER_OBJECT_CONVERSION = YES_AGGRESSIVE;
				CLANG_CXX_LANGUAGE_STANDARD = "gnu++20";
				CLANG_ENABLE_MODULES = YES;
				CLANG_ENABLE_OBJC_ARC = YES;
				CLANG_ENABLE_OBJC_WEAK = YES;
				CLANG_WARN_BLOCK_CAPTURE_AUTORELEASING = YES;
				CLANG_WARN_BOOL_CONVERSION = YES;
				CLANG_WARN_COMMA = YES;
				CLANG_WARN_CONSTANT_CONVERSION = YES;
				CLANG_WARN_DEPRECATED_OBJC_IMPLEMENTATIONS = YES;
				CLANG_WARN_DIRECT_OBJC_ISA_USAGE = YES_ERROR;
				CLANG_WARN_DOCUMENTATION_COMMENTS = YES;
				CLANG_WARN_EMPTY_BODY = YES;
				CLANG_WARN_ENUM_CONVERSION = YES;
				CLANG_WARN_INFINITE_RECURSION = YES;
				CLANG_WARN_INT_CONVERSION = YES;
				CLANG_WARN_NON_LITERAL_NULL_CONVERSION = YES;
				CLANG_WARN_OBJC_IMPLICIT_RETAIN_SELF = YES;
				CLANG_WARN_OBJC_LITERAL_CONVERSION = YES;
				CLANG_WARN_OBJC_ROOT_CLASS = YES_ERROR;
				CLANG_WARN_QUOTED_INCLUDE_IN_FRAMEWORK_HEADER = YES;
				CLANG_WARN_RANGE_LOOP_ANALYSIS = YES;
				CLANG_WARN_STRICT_PROTOTYPES = YES;
				CLANG_WARN_SUSPICIOUS_MOVE = YES;
				CLANG_WARN_UNGUARDED_AVAILABILITY = YES_AGGRESSIVE;
				CLANG_WARN_UNREACHABLE_CODE = YES;
				CLANG_WARN__DUPLICATE_METHOD_MATCH = YES;
				COPY_PHASE_STRIP = NO;
				DEBUG_INFORMATION_FORMAT = "dwarf-with-dsym";
				ENABLE_NS_ASSERTIONS = NO;
				ENABLE_STRICT_OBJC_MSGSEND = YES;
				ENABLE_USER_SCRIPT_SANDBOXING = YES;
				GCC_C_LANGUAGE_STANDARD = gnu17;
				GCC_NO_COMMON_BLOCKS = YES;
				GCC_WARN_64_TO_32_BIT_CONVERSION = YES;
				GCC_WARN_ABOUT_RETURN_TYPE = YES_ERROR;
				GCC_WARN_UNDECLARED_SELECTOR = YES;
				GCC_WARN_UNINITIALIZED_AUTOS = YES_AGGRESSIVE;
				GCC_WARN_UNUSED_FUNCTION = YES;
				GCC_WARN_UNUSED_VARIABLE = YES;
				IPHONEOS_DEPLOYMENT_TARGET = 18.0;
				LOCALIZATION_PREFERS_STRING_CATALOGS = YES;
				MTL_ENABLE_DEBUG_INFO = NO;
				MTL_FAST_MATH = YES;
				SDKROOT = iphoneos;
				SWIFT_COMPILATION_MODE = wholemodule;
				VALIDATE_PRODUCT = YES;
			};
			name = Release;
		};
		64C7E92F2CB0B30900297274 /* Debug */ = {
			isa = XCBuildConfiguration;
			buildSettings = {
				BUNDLE_LOADER = "$(TEST_HOST)";
				CODE_SIGN_STYLE = Automatic;
				CURRENT_PROJECT_VERSION = 1;
				DEVELOPMENT_TEAM = RJR4C9VPXT;
				GENERATE_INFOPLIST_FILE = YES;
				IPHONEOS_DEPLOYMENT_TARGET = 18.0;
				MARKETING_VERSION = 1.0;
				PRODUCT_BUNDLE_IDENTIFIER = "mx.com.belaw.ddadm12.-OctTests";
				PRODUCT_NAME = "$(TARGET_NAME)";
				SWIFT_EMIT_LOC_STRINGS = NO;
				SWIFT_VERSION = 5.0;
				TARGETED_DEVICE_FAMILY = "1,2";
				TEST_HOST = "$(BUILT_PRODUCTS_DIR)/4Oct.app/$(BUNDLE_EXECUTABLE_FOLDER_PATH)/4Oct";
			};
			name = Debug;
		};
		64C7E9302CB0B30900297274 /* Release */ = {
			isa = XCBuildConfiguration;
			buildSettings = {
				BUNDLE_LOADER = "$(TEST_HOST)";
				CODE_SIGN_STYLE = Automatic;
				CURRENT_PROJECT_VERSION = 1;
				DEVELOPMENT_TEAM = RJR4C9VPXT;
				GENERATE_INFOPLIST_FILE = YES;
				IPHONEOS_DEPLOYMENT_TARGET = 18.0;
				MARKETING_VERSION = 1.0;
				PRODUCT_BUNDLE_IDENTIFIER = "mx.com.belaw.ddadm12.-OctTests";
				PRODUCT_NAME = "$(TARGET_NAME)";
				SWIFT_EMIT_LOC_STRINGS = NO;
				SWIFT_VERSION = 5.0;
				TARGETED_DEVICE_FAMILY = "1,2";
				TEST_HOST = "$(BUILT_PRODUCTS_DIR)/4Oct.app/$(BUNDLE_EXECUTABLE_FOLDER_PATH)/4Oct";
			};
			name = Release;
		};
		64C7E9322CB0B30900297274 /* Debug */ = {
			isa = XCBuildConfiguration;
			buildSettings = {
				CODE_SIGN_STYLE = Automatic;
				CURRENT_PROJECT_VERSION = 1;
				DEVELOPMENT_TEAM = RJR4C9VPXT;
				GENERATE_INFOPLIST_FILE = YES;
				MARKETING_VERSION = 1.0;
				PRODUCT_BUNDLE_IDENTIFIER = "mx.com.belaw.ddadm12.-OctUITests";
				PRODUCT_NAME = "$(TARGET_NAME)";
				SWIFT_EMIT_LOC_STRINGS = NO;
				SWIFT_VERSION = 5.0;
				TARGETED_DEVICE_FAMILY = "1,2";
				TEST_TARGET_NAME = 4Oct;
			};
			name = Debug;
		};
		64C7E9332CB0B30900297274 /* Release */ = {
			isa = XCBuildConfiguration;
			buildSettings = {
				CODE_SIGN_STYLE = Automatic;
				CURRENT_PROJECT_VERSION = 1;
				DEVELOPMENT_TEAM = RJR4C9VPXT;
				GENERATE_INFOPLIST_FILE = YES;
				MARKETING_VERSION = 1.0;
				PRODUCT_BUNDLE_IDENTIFIER = "mx.com.belaw.ddadm12.-OctUITests";
				PRODUCT_NAME = "$(TARGET_NAME)";
				SWIFT_EMIT_LOC_STRINGS = NO;
				SWIFT_VERSION = 5.0;
				TARGETED_DEVICE_FAMILY = "1,2";
				TEST_TARGET_NAME = 4Oct;
			};
			name = Release;
		};
/* End XCBuildConfiguration section */

/* Begin XCConfigurationList section */
		64C7E8FB2CB0B30700297274 /* Build configuration list for PBXProject "4Oct" */ = {
			isa = XCConfigurationList;
			buildConfigurations = (
				64C7E92C2CB0B30900297274 /* Debug */,
				64C7E92D2CB0B30900297274 /* Release */,
			);
			defaultConfigurationIsVisible = 0;
			defaultConfigurationName = Release;
		};
		64C7E9292CB0B30900297274 /* Build configuration list for PBXNativeTarget "4Oct" */ = {
			isa = XCConfigurationList;
			buildConfigurations = (
				64C7E92A2CB0B30900297274 /* Debug */,
				64C7E92B2CB0B30900297274 /* Release */,
			);
			defaultConfigurationIsVisible = 0;
			defaultConfigurationName = Release;
		};
		64C7E92E2CB0B30900297274 /* Build configuration list for PBXNativeTarget "4OctTests" */ = {
			isa = XCConfigurationList;
			buildConfigurations = (
				64C7E92F2CB0B30900297274 /* Debug */,
				64C7E9302CB0B30900297274 /* Release */,
			);
			defaultConfigurationIsVisible = 0;
			defaultConfigurationName = Release;
		};
		64C7E9312CB0B30900297274 /* Build configuration list for PBXNativeTarget "4OctUITests" */ = {
			isa = XCConfigurationList;
			buildConfigurations = (
				64C7E9322CB0B30900297274 /* Debug */,
				64C7E9332CB0B30900297274 /* Release */,
			);
			defaultConfigurationIsVisible = 0;
			defaultConfigurationName = Release;
		};
/* End XCConfigurationList section */
	};
	rootObject = 64C7E8F82CB0B30700297274 /* Project object */;
}
